
Microsoft Visual Studio Solution File, Format Version 12.00
# Visual Studio Version 17
VisualStudioVersion = 17.0.32014.148
MinimumVisualStudioVersion = 10.0.40219.1
Project("{9A19103F-16F7-4668-BE54-9A1E7A4F7556}") = "SpeakerModule", "modules\SpeakerModule\SpeakerModule.csproj", "{5D12712B-C91A-4135-9B57-D944A2899217}"
EndProject
Project("{9A19103F-16F7-4668-BE54-9A1E7A4F7556}") = "IoTunas.Core", "..\src\IoTunas.Core\IoTunas.Core.csproj", "{59D4329F-E6CF-4D7C-91A1-77A3F6729C96}"
EndProject
Project("{9A19103F-16F7-4668-BE54-9A1E7A4F7556}") = "IoTunas.Extensions.Commands", "..\src\IoTunas.Commands\IoTunas.Extensions.Commands.csproj", "{D3511E71-4D59-493A-9772-AD9EDE101FA3}"
EndProject
Project("{9A19103F-16F7-4668-BE54-9A1E7A4F7556}") = "IoTunas.Extensions.Connectivity", "..\src\IoTunas.Connectivity\IoTunas.Extensions.Connectivity.csproj", "{5A62E58D-5D01-465D-A5A3-868F3B912417}"
EndProject
Project("{9A19103F-16F7-4668-BE54-9A1E7A4F7556}") = "IoTunas.Extensions.Telemetry", "..\src\IoTunas.Telemetry\IoTunas.Extensions.Telemetry.csproj", "{945BC470-4DCA-4F81-9FAD-3C388F40CA0B}"
EndProject
Project("{9A19103F-16F7-4668-BE54-9A1E7A4F7556}") = "IoTunas.Extensions.Twin", "..\src\IoTunas.Twin\IoTunas.Extensions.Twin.csproj", "{EE3FAE17-2183-41FD-8A68-5575AD977CEB}"
EndProject
Project("{9A19103F-16F7-4668-BE54-9A1E7A4F7556}") = "CameraModule", "modules\CameraModule\CameraModule.csproj", "{31948F4E-16F9-4B2F-AFCD-EAA98B30EFAF}"
EndProject
Global
	GlobalSection(SolutionConfigurationPlatforms) = preSolution
		Debug|Any CPU = Debug|Any CPU
		Release|Any CPU = Release|Any CPU
	EndGlobalSection
	GlobalSection(ProjectConfigurationPlatforms) = postSolution
		{5D12712B-C91A-4135-9B57-D944A2899217}.Debug|Any CPU.ActiveCfg = Debug|Any CPU
		{5D12712B-C91A-4135-9B57-D944A2899217}.Debug|Any CPU.Build.0 = Debug|Any CPU
		{5D12712B-C91A-4135-9B57-D944A2899217}.Release|Any CPU.ActiveCfg = Release|Any CPU
		{5D12712B-C91A-4135-9B57-D944A2899217}.Release|Any CPU.Build.0 = Release|Any CPU
		{59D4329F-E6CF-4D7C-91A1-77A3F6729C96}.Debug|Any CPU.ActiveCfg = Debug|Any CPU
		{59D4329F-E6CF-4D7C-91A1-77A3F6729C96}.Debug|Any CPU.Build.0 = Debug|Any CPU
		{59D4329F-E6CF-4D7C-91A1-77A3F6729C96}.Release|Any CPU.ActiveCfg = Release|Any CPU
		{59D4329F-E6CF-4D7C-91A1-77A3F6729C96}.Release|Any CPU.Build.0 = Release|Any CPU
		{D3511E71-4D59-493A-9772-AD9EDE101FA3}.Debug|Any CPU.ActiveCfg = Debug|Any CPU
		{D3511E71-4D59-493A-9772-AD9EDE101FA3}.Debug|Any CPU.Build.0 = Debug|Any CPU
		{D3511E71-4D59-493A-9772-AD9EDE101FA3}.Release|Any CPU.ActiveCfg = Release|Any CPU
		{D3511E71-4D59-493A-9772-AD9EDE101FA3}.Release|Any CPU.Build.0 = Release|Any CPU
		{5A62E58D-5D01-465D-A5A3-868F3B912417}.Debug|Any CPU.ActiveCfg = Debug|Any CPU
		{5A62E58D-5D01-465D-A5A3-868F3B912417}.Debug|Any CPU.Build.0 = Debug|Any CPU
		{5A62E58D-5D01-465D-A5A3-868F3B912417}.Release|Any CPU.ActiveCfg = Release|Any CPU
		{5A62E58D-5D01-465D-A5A3-868F3B912417}.Release|Any CPU.Build.0 = Release|Any CPU
		{945BC470-4DCA-4F81-9FAD-3C388F40CA0B}.Debug|Any CPU.ActiveCfg = Debug|Any CPU
		{945BC470-4DCA-4F81-9FAD-3C388F40CA0B}.Debug|Any CPU.Build.0 = Debug|Any CPU
		{945BC470-4DCA-4F81-9FAD-3C388F40CA0B}.Release|Any CPU.ActiveCfg = Release|Any CPU
		{945BC470-4DCA-4F81-9FAD-3C388F40CA0B}.Release|Any CPU.Build.0 = Release|Any CPU
		{EE3FAE17-2183-41FD-8A68-5575AD977CEB}.Debug|Any CPU.ActiveCfg = Debug|Any CPU
		{EE3FAE17-2183-41FD-8A68-5575AD977CEB}.Debug|Any CPU.Build.0 = Debug|Any CPU
		{EE3FAE17-2183-41FD-8A68-5575AD977CEB}.Release|Any CPU.ActiveCfg = Release|Any CPU
		{EE3FAE17-2183-41FD-8A68-5575AD977CEB}.Release|Any CPU.Build.0 = Release|Any CPU
		{31948F4E-16F9-4B2F-AFCD-EAA98B30EFAF}.Debug|Any CPU.ActiveCfg = Debug|Any CPU
		{31948F4E-16F9-4B2F-AFCD-EAA98B30EFAF}.Debug|Any CPU.Build.0 = Debug|Any CPU
		{31948F4E-16F9-4B2F-AFCD-EAA98B30EFAF}.Release|Any CPU.ActiveCfg = Release|Any CPU
		{31948F4E-16F9-4B2F-AFCD-EAA98B30EFAF}.Release|Any CPU.Build.0 = Release|Any CPU
	EndGlobalSection
	GlobalSection(SolutionProperties) = preSolution
		HideSolutionNode = FALSE
	EndGlobalSection
	GlobalSection(ExtensibilityGlobals) = postSolution
		SolutionGuid = {1D51F1A4-9427-4EA1-A45D-97123DC2F92C}
	EndGlobalSection
EndGlobal
